
Microsoft Visual Studio Solution File, Format Version 12.00
# Visual Studio Version 17
VisualStudioVersion = 17.7.34031.279
MinimumVisualStudioVersion = 10.0.40219.1
Project("{9A19103F-16F7-4668-BE54-9A1E7A4F7556}") = "ShoppingCart", "ShoppingCart\ShoppingCart.csproj", "{8B7257C0-4615-41EE-B20C-C558C5137021}"
EndProject
Project("{9A19103F-16F7-4668-BE54-9A1E7A4F7556}") = "ShoppingCart.API", "ShoppingCart.API\ShoppingCart.API.csproj", "{1F64A59F-7C05-41A8-A0A9-09BCA350EF5B}"
EndProject
Global
	GlobalSection(SolutionConfigurationPlatforms) = preSolution
		Debug|Any CPU = Debug|Any CPU
		Release|Any CPU = Release|Any CPU
	EndGlobalSection
	GlobalSection(ProjectConfigurationPlatforms) = postSolution
		{8B7257C0-4615-41EE-B20C-C558C5137021}.Debug|Any CPU.ActiveCfg = Debug|Any CPU
		{8B7257C0-4615-41EE-B20C-C558C5137021}.Debug|Any CPU.Build.0 = Debug|Any CPU
		{8B7257C0-4615-41EE-B20C-C558C5137021}.Release|Any CPU.ActiveCfg = Release|Any CPU
		{8B7257C0-4615-41EE-B20C-C558C5137021}.Release|Any CPU.Build.0 = Release|Any CPU
		{1F64A59F-7C05-41A8-A0A9-09BCA350EF5B}.Debug|Any CPU.ActiveCfg = Debug|Any CPU
		{1F64A59F-7C05-41A8-A0A9-09BCA350EF5B}.Debug|Any CPU.Build.0 = Debug|Any CPU
		{1F64A59F-7C05-41A8-A0A9-09BCA350EF5B}.Release|Any CPU.ActiveCfg = Release|Any CPU
		{1F64A59F-7C05-41A8-A0A9-09BCA350EF5B}.Release|Any CPU.Build.0 = Release|Any CPU
	EndGlobalSection
	GlobalSection(SolutionProperties) = preSolution
		HideSolutionNode = FALSE
	EndGlobalSection
	GlobalSection(ExtensibilityGlobals) = postSolution
		SolutionGuid = {A354C815-0F33-4A87-B533-2D8909C5A18A}
	EndGlobalSection
EndGlobal
